
Microsoft Visual Studio Solution File, Format Version 12.00
# Visual Studio Version 17
VisualStudioVersion = 17.5.33424.131
MinimumVisualStudioVersion = 10.0.40219.1
Project("{FAE04EC0-301F-11D3-BF4B-00C04F79EFBC}") = "MetodosSimples", "MetodosSimples\MetodosSimples.csproj", "{76136067-D4F2-40C4-BB04-EEC8C6EC36D8}"
EndProject
Global
	GlobalSection(SolutionConfigurationPlatforms) = preSolution
		Debug|Any CPU = Debug|Any CPU
		Release|Any CPU = Release|Any CPU
	EndGlobalSection
	GlobalSection(ProjectConfigurationPlatforms) = postSolution
		{76136067-D4F2-40C4-BB04-EEC8C6EC36D8}.Debug|Any CPU.ActiveCfg = Debug|Any CPU
		{76136067-D4F2-40C4-BB04-EEC8C6EC36D8}.Debug|Any CPU.Build.0 = Debug|Any CPU
		{76136067-D4F2-40C4-BB04-EEC8C6EC36D8}.Release|Any CPU.ActiveCfg = Release|Any CPU
		{76136067-D4F2-40C4-BB04-EEC8C6EC36D8}.Release|Any CPU.Build.0 = Release|Any CPU
	EndGlobalSection
	GlobalSection(SolutionProperties) = preSolution
		HideSolutionNode = FALSE
	EndGlobalSection
	GlobalSection(ExtensibilityGlobals) = postSolution
		SolutionGuid = {0F464FEE-4C2F-4FF3-8326-D422F80C2929}
	EndGlobalSection
EndGlobal
